
Microsoft Visual Studio Solution File, Format Version 12.00
# Visual Studio 14
VisualStudioVersion = 14.0.25420.1
MinimumVisualStudioVersion = 10.0.40219.1
Project("{8BC9CEB8-8B4A-11D0-8D11-00A0C91BC942}") = "Client", "FileTransfer\FileTransfer.vcxproj", "{B996FBE2-3CED-42B0-8F2B-BED49C637A6C}"
EndProject
Project("{8BC9CEB8-8B4A-11D0-8D11-00A0C91BC942}") = "Server", "Server\Server.vcxproj", "{12F1D071-C90B-4DE5-A37C-0D4EB5FDF0EE}"
EndProject
Global
	GlobalSection(SolutionConfigurationPlatforms) = preSolution
		Debug|x64 = Debug|x64
		Debug|x86 = Debug|x86
		Release|x64 = Release|x64
		Release|x86 = Release|x86
	EndGlobalSection
	GlobalSection(ProjectConfigurationPlatforms) = postSolution
		{B996FBE2-3CED-42B0-8F2B-BED49C637A6C}.Debug|x64.ActiveCfg = Debug|x64
		{B996FBE2-3CED-42B0-8F2B-BED49C637A6C}.Debug|x64.Build.0 = Debug|x64
		{B996FBE2-3CED-42B0-8F2B-BED49C637A6C}.Debug|x86.ActiveCfg = Debug|Win32
		{B996FBE2-3CED-42B0-8F2B-BED49C637A6C}.Debug|x86.Build.0 = Debug|Win32
		{B996FBE2-3CED-42B0-8F2B-BED49C637A6C}.Release|x64.ActiveCfg = Release|x64
		{B996FBE2-3CED-42B0-8F2B-BED49C637A6C}.Release|x64.Build.0 = Release|x64
		{B996FBE2-3CED-42B0-8F2B-BED49C637A6C}.Release|x86.ActiveCfg = Release|Win32
		{B996FBE2-3CED-42B0-8F2B-BED49C637A6C}.Release|x86.Build.0 = Release|Win32
		{12F1D071-C90B-4DE5-A37C-0D4EB5FDF0EE}.Debug|x64.ActiveCfg = Debug|x64
		{12F1D071-C90B-4DE5-A37C-0D4EB5FDF0EE}.Debug|x64.Build.0 = Debug|x64
		{12F1D071-C90B-4DE5-A37C-0D4EB5FDF0EE}.Debug|x86.ActiveCfg = Debug|Win32
		{12F1D071-C90B-4DE5-A37C-0D4EB5FDF0EE}.Debug|x86.Build.0 = Debug|Win32
		{12F1D071-C90B-4DE5-A37C-0D4EB5FDF0EE}.Release|x64.ActiveCfg = Release|x64
		{12F1D071-C90B-4DE5-A37C-0D4EB5FDF0EE}.Release|x64.Build.0 = Release|x64
		{12F1D071-C90B-4DE5-A37C-0D4EB5FDF0EE}.Release|x86.ActiveCfg = Release|Win32
		{12F1D071-C90B-4DE5-A37C-0D4EB5FDF0EE}.Release|x86.Build.0 = Release|Win32
	EndGlobalSection
	GlobalSection(SolutionProperties) = preSolution
		HideSolutionNode = FALSE
	EndGlobalSection
EndGlobal
